
Microsoft Visual Studio Solution File, Format Version 12.00
# Visual Studio Version 16
VisualStudioVersion = 16.0.33328.57
MinimumVisualStudioVersion = 10.0.40219.1
Project("{FAE04EC0-301F-11D3-BF4B-00C04F79EFBC}") = "ToolWorking", "ToolWorking\ToolWorking.csproj", "{0033CBC5-F1C5-4594-941B-7B8158FDBC3B}"
EndProject
Global
	GlobalSection(SolutionConfigurationPlatforms) = preSolution
		Debug|Any CPU = Debug|Any CPU
		Release|Any CPU = Release|Any CPU
	EndGlobalSection
	GlobalSection(ProjectConfigurationPlatforms) = postSolution
		{0033CBC5-F1C5-4594-941B-7B8158FDBC3B}.Debug|Any CPU.ActiveCfg = Debug|Any CPU
		{0033CBC5-F1C5-4594-941B-7B8158FDBC3B}.Debug|Any CPU.Build.0 = Debug|Any CPU
		{0033CBC5-F1C5-4594-941B-7B8158FDBC3B}.Release|Any CPU.ActiveCfg = Release|Any CPU
		{0033CBC5-F1C5-4594-941B-7B8158FDBC3B}.Release|Any CPU.Build.0 = Release|Any CPU
	EndGlobalSection
	GlobalSection(SolutionProperties) = preSolution
		HideSolutionNode = FALSE
	EndGlobalSection
	GlobalSection(ExtensibilityGlobals) = postSolution
		SolutionGuid = {BFF2A1C5-EAC6-483A-BF2C-AA0ECA202923}
	EndGlobalSection
EndGlobal
